
Microsoft Visual Studio Solution File, Format Version 12.00
# Visual Studio 15
VisualStudioVersion = 15.0.27130.2036
MinimumVisualStudioVersion = 10.0.40219.1
Project("{FAE04EC0-301F-11D3-BF4B-00C04F79EFBC}") = "WindowsCalculater", "WindowsCalculater\WindowsCalculater.csproj", "{496203DC-7BEF-4D62-A8C9-5A82133A417B}"
EndProject
Global
	GlobalSection(SolutionConfigurationPlatforms) = preSolution
		Debug|Any CPU = Debug|Any CPU
		Release|Any CPU = Release|Any CPU
	EndGlobalSection
	GlobalSection(ProjectConfigurationPlatforms) = postSolution
		{496203DC-7BEF-4D62-A8C9-5A82133A417B}.Debug|Any CPU.ActiveCfg = Debug|Any CPU
		{496203DC-7BEF-4D62-A8C9-5A82133A417B}.Debug|Any CPU.Build.0 = Debug|Any CPU
		{496203DC-7BEF-4D62-A8C9-5A82133A417B}.Release|Any CPU.ActiveCfg = Release|Any CPU
		{496203DC-7BEF-4D62-A8C9-5A82133A417B}.Release|Any CPU.Build.0 = Release|Any CPU
	EndGlobalSection
	GlobalSection(SolutionProperties) = preSolution
		HideSolutionNode = FALSE
	EndGlobalSection
	GlobalSection(ExtensibilityGlobals) = postSolution
		SolutionGuid = {7406E239-EF88-42B7-95E0-2DF7EC89C038}
	EndGlobalSection
EndGlobal
